schema: '2.0'
stages:
  train:
    cmd: python model.py
    deps:
    - path: data
      hash: md5
      md5: 24b369a08c61e49b170b8baecf8fb81f.dir
      size: 57910
      nfiles: 1
    - path: model.py
      hash: md5
      md5: 3ff86dc7ffa5649dd1ea2e9ffe513887
      size: 4214
    outs:
    - path: metrics.csv
      hash: md5
      md5: aa2b7b3385d5f65a04e74dd6dcf9441e
      size: 183
    - path: model.pkl
      hash: md5
      md5: b3d47256ac1eb9d0df105499d10ee5ce
      size: 2333674
