schema: '2.0'
stages:
  train:
    cmd: python model.py
    deps:
    - path: data
      hash: md5
      md5: 24b369a08c61e49b170b8baecf8fb81f.dir
      size: 57910
      nfiles: 1
    - path: model.py
      hash: md5
      md5: 030f1887554c87b67f993fe3dcaefe1f
      size: 4251
    outs:
    - path: metrics.csv
      hash: md5
      md5: 93e1773b52110a4df6aa728c1aad7cae
      size: 183
    - path: model.pkl
      hash: md5
      md5: 369a8db147773620bdf6d03ee12892b9
      size: 2274513
