schema: '2.0'
stages:
  train:
    cmd: python model.py
    deps:
    - path: data
      hash: md5
      md5: afae6e921209b1eb8fb40853a56dd7b4.dir
      size: 57018
      nfiles: 1
    - path: model.py
      hash: md5
      md5: ee5c31cd99f54cbfbdf82cbe150bad98
      size: 4166
    outs:
    - path: metrics.csv
      hash: md5
      md5: 7c940685d321ba2e297fb7f2f64f94bf
      size: 177
    - path: model.pkl
      hash: md5
      md5: c8070d3bfb30d9bc2c05894667ba6cc5
      size: 2260399
